
Microsoft Visual Studio Solution File, Format Version 12.00
# Visual Studio 15
VisualStudioVersion = 15.0.26430.16
MinimumVisualStudioVersion = 10.0.40219.1
Project("{FAE04EC0-301F-11D3-BF4B-00C04F79EFBC}") = "Vovo.Android", "Vovo.Android\Vovo.Android.csproj", "{24392CB8-3E97-45F9-A0E2-37CD4C6D6C55}"
EndProject
Project("{FAE04EC0-301F-11D3-BF4B-00C04F79EFBC}") = "Vovo.API", "Vovo.API\Vovo.API.csproj", "{0D578579-47F3-44FF-8440-60C6B36C6A6C}"
EndProject
Project("{FAE04EC0-301F-11D3-BF4B-00C04F79EFBC}") = "Vovo.Models", "Vovo.Models\Vovo.Models.csproj", "{51F30F52-BE01-4E0A-BDD9-7C6637D11AC2}"
EndProject
Global
	GlobalSection(SolutionConfigurationPlatforms) = preSolution
		Debug|Any CPU = Debug|Any CPU
		Release|Any CPU = Release|Any CPU
	EndGlobalSection
	GlobalSection(ProjectConfigurationPlatforms) = postSolution
		{24392CB8-3E97-45F9-A0E2-37CD4C6D6C55}.Debug|Any CPU.ActiveCfg = Debug|Any CPU
		{24392CB8-3E97-45F9-A0E2-37CD4C6D6C55}.Debug|Any CPU.Build.0 = Debug|Any CPU
		{24392CB8-3E97-45F9-A0E2-37CD4C6D6C55}.Debug|Any CPU.Deploy.0 = Debug|Any CPU
		{24392CB8-3E97-45F9-A0E2-37CD4C6D6C55}.Release|Any CPU.ActiveCfg = Release|Any CPU
		{24392CB8-3E97-45F9-A0E2-37CD4C6D6C55}.Release|Any CPU.Build.0 = Release|Any CPU
		{24392CB8-3E97-45F9-A0E2-37CD4C6D6C55}.Release|Any CPU.Deploy.0 = Release|Any CPU
		{0D578579-47F3-44FF-8440-60C6B36C6A6C}.Debug|Any CPU.ActiveCfg = Debug|Any CPU
		{0D578579-47F3-44FF-8440-60C6B36C6A6C}.Debug|Any CPU.Build.0 = Debug|Any CPU
		{0D578579-47F3-44FF-8440-60C6B36C6A6C}.Release|Any CPU.ActiveCfg = Release|Any CPU
		{0D578579-47F3-44FF-8440-60C6B36C6A6C}.Release|Any CPU.Build.0 = Release|Any CPU
		{51F30F52-BE01-4E0A-BDD9-7C6637D11AC2}.Debug|Any CPU.ActiveCfg = Debug|Any CPU
		{51F30F52-BE01-4E0A-BDD9-7C6637D11AC2}.Debug|Any CPU.Build.0 = Debug|Any CPU
		{51F30F52-BE01-4E0A-BDD9-7C6637D11AC2}.Release|Any CPU.ActiveCfg = Release|Any CPU
		{51F30F52-BE01-4E0A-BDD9-7C6637D11AC2}.Release|Any CPU.Build.0 = Release|Any CPU
	EndGlobalSection
	GlobalSection(SolutionProperties) = preSolution
		HideSolutionNode = FALSE
	EndGlobalSection
EndGlobal
